
Microsoft Visual Studio Solution File, Format Version 12.00
# Visual Studio Version 16
VisualStudioVersion = 16.0.31515.178
MinimumVisualStudioVersion = 10.0.40219.1
Project("{FAE04EC0-301F-11D3-BF4B-00C04F79EFBC}") = "QuickGUI", "QuickGUI\QuickGUI.csproj", "{470B371D-4D3D-489C-9BF0-30C5237B2AB7}"
EndProject
Global
	GlobalSection(SolutionConfigurationPlatforms) = preSolution
		Debug|Any CPU = Debug|Any CPU
		Release|Any CPU = Release|Any CPU
	EndGlobalSection
	GlobalSection(ProjectConfigurationPlatforms) = postSolution
		{470B371D-4D3D-489C-9BF0-30C5237B2AB7}.Debug|Any CPU.ActiveCfg = Debug|Any CPU
		{470B371D-4D3D-489C-9BF0-30C5237B2AB7}.Debug|Any CPU.Build.0 = Debug|Any CPU
		{470B371D-4D3D-489C-9BF0-30C5237B2AB7}.Release|Any CPU.ActiveCfg = Release|Any CPU
		{470B371D-4D3D-489C-9BF0-30C5237B2AB7}.Release|Any CPU.Build.0 = Release|Any CPU
	EndGlobalSection
	GlobalSection(SolutionProperties) = preSolution
		HideSolutionNode = FALSE
	EndGlobalSection
	GlobalSection(ExtensibilityGlobals) = postSolution
		SolutionGuid = {2F9D6675-22C6-4476-AEDD-5151EE974E93}
	EndGlobalSection
EndGlobal
